
Microsoft Visual Studio Solution File, Format Version 11.00
# Visual Studio 2010
Project("{FAE04EC0-301F-11D3-BF4B-00C04F79EFBC}") = "1125", "Assembly-CSharp.csproj", "{DAED21BC-F971-0D01-3D9E-62E38F87A0D6}"
EndProject
Project("{FAE04EC0-301F-11D3-BF4B-00C04F79EFBC}") = "1125", "Assembly-CSharp-Editor.csproj", "{F50E4E7F-5644-F407-62E6-3ACAE71D1464}"
EndProject
Global
	GlobalSection(SolutionConfigurationPlatforms) = preSolution
		Debug|Any CPU = Debug|Any CPU
		Release|Any CPU = Release|Any CPU
	EndGlobalSection
	GlobalSection(ProjectConfigurationPlatforms) = postSolution
		{DAED21BC-F971-0D01-3D9E-62E38F87A0D6}.Debug|Any CPU.ActiveCfg = Debug|Any CPU
		{DAED21BC-F971-0D01-3D9E-62E38F87A0D6}.Debug|Any CPU.Build.0 = Debug|Any CPU
		{DAED21BC-F971-0D01-3D9E-62E38F87A0D6}.Release|Any CPU.ActiveCfg = Release|Any CPU
		{DAED21BC-F971-0D01-3D9E-62E38F87A0D6}.Release|Any CPU.Build.0 = Release|Any CPU
		{F50E4E7F-5644-F407-62E6-3ACAE71D1464}.Debug|Any CPU.ActiveCfg = Debug|Any CPU
		{F50E4E7F-5644-F407-62E6-3ACAE71D1464}.Debug|Any CPU.Build.0 = Debug|Any CPU
		{F50E4E7F-5644-F407-62E6-3ACAE71D1464}.Release|Any CPU.ActiveCfg = Release|Any CPU
		{F50E4E7F-5644-F407-62E6-3ACAE71D1464}.Release|Any CPU.Build.0 = Release|Any CPU
	EndGlobalSection
	GlobalSection(SolutionProperties) = preSolution
		HideSolutionNode = FALSE
	EndGlobalSection
	GlobalSection(MonoDevelopProperties) = preSolution
		StartupItem = Assembly-CSharp.csproj
	EndGlobalSection
EndGlobal
